// !$*UTF8*$!
{
	archiveVersion = 1;
	classes = {
	};
	objectVersion = 46;
	objects = {

/* Begin PBXBuildFile section */
		39B905041DF13F2500542F09 /* main.m in Sources */ = {isa = PBXBuildFile; fileRef = 39B905031DF13F2500542F09 /* main.m */; };
		39B905071DF13F2500542F09 /* AppDelegate.m in Sources */ = {isa = PBXBuildFile; fileRef = 39B905061DF13F2500542F09 /* AppDelegate.m */; };
		39B9050A1DF13F2500542F09 /* ViewController.m in Sources */ = {isa = PBXBuildFile; fileRef = 39B905091DF13F2500542F09 /* ViewController.m */; };
		39B9050D1DF13F2500542F09 /* Main.storyboard in Resources */ = {isa = PBXBuildFile; fileRef = 39B9050B1DF13F2500542F09 /* Main.storyboard */; };
		39B905101DF13F2500542F09 /* learn_IOS.xcdatamodeld in Sources */ = {isa = PBXBuildFile; fileRef = 39B9050E1DF13F2500542F09 /* learn_IOS.xcdatamodeld */; };
		39B905121DF13F2500542F09 /* Assets.xcassets in Resources */ = {isa = PBXBuildFile; fileRef = 39B905111DF13F2500542F09 /* Assets.xcassets */; };
		39B905151DF13F2500542F09 /* LaunchScreen.storyboard in Resources */ = {isa = PBXBuildFile; fileRef = 39B905131DF13F2500542F09 /* LaunchScreen.storyboard */; };
/* End PBXBuildFile section */

/* Begin PBXFileReference section */
		39B904FF1DF13F2500542F09 /* learn-IOS.app */ = {isa = PBXFileReference; explicitFileType = wrapper.application; includeInIndex = 0; path = "learn-IOS.app"; sourceTree = BUILT_PRODUCTS_DIR; };
		39B905031DF13F2500542F09 /* main.m */ = {isa = PBXFileReference; lastKnownFileType = sourcecode.c.objc; path = main.m; sourceTree = "<group>"; };
		39B905051DF13F2500542F09 /* AppDelegate.h */ = {isa = PBXFileReference; lastKnownFileType = sourcecode.c.h; path = AppDelegate.h; sourceTree = "<group>"; };
		39B905061DF13F2500542F09 /* AppDelegate.m */ = {isa = PBXFileReference; lastKnownFileType = sourcecode.c.objc; path = AppDelegate.m; sourceTree = "<group>"; };
		39B905081DF13F2500542F09 /* ViewController.h */ = {isa = PBXFileReference; lastKnownFileType = sourcecode.c.h; path = ViewController.h; sourceTree = "<group>"; };
		39B905091DF13F2500542F09 /* ViewController.m */ = {isa = PBXFileReference; lastKnownFileType = sourcecode.c.objc; path = ViewController.m; sourceTree = "<group>"; };
		39B9050C1DF13F2500542F09 /* Base */ = {isa = PBXFileReference; lastKnownFileType = file.storyboard; name = Base; path = Base.lproj/Main.storyboard; sourceTree = "<group>"; };
		39B9050F1DF13F2500542F09 /* learn_IOS.xcdatamodel */ = {isa = PBXFileReference; lastKnownFileType = wrapper.xcdatamodel; path = learn_IOS.xcdatamodel; sourceTree = "<group>"; };
		39B905111DF13F2500542F09 /* Assets.xcassets */ = {isa = PBXFileReference; lastKnownFileType = folder.assetcatalog; path = Assets.xcassets; sourceTree = "<group>"; };
		39B905141DF13F2500542F09 /* Base */ = {isa = PBXFileReference; lastKnownFileType = file.storyboard; name = Base; path = Base.lproj/LaunchScreen.storyboard; sourceTree = "<group>"; };
		39B905161DF13F2500542F09 /* Info.plist */ = {isa = PBXFileReference; lastKnownFileType = text.plist.xml; path = Info.plist; sourceTree = "<group>"; };
/* End PBXFileReference section */

/* Begin PBXFrameworksBuildPhase section */
		39B904FC1DF13F2500542F09 /* Frameworks */ = {
			isa = PBXFrameworksBuildPhase;
			buildActionMask = 2147483647;
			files = (
			);
			runOnlyForDeploymentPostprocessing = 0;
		};
/* End PBXFrameworksBuildPhase section */

/* Begin PBXGroup section */
		39B904F61DF13F2500542F09 = {
			isa = PBXGroup;
			children = (
				39B905011DF13F2500542F09 /* learn-IOS */,
				39B905001DF13F2500542F09 /* Products */,
			);
			sourceTree = "<group>";
		};
		39B905001DF13F2500542F09 /* Products */ = {
			isa = PBXGroup;
			children = (
				39B904FF1DF13F2500542F09 /* learn-IOS.app */,
			);
			name = Products;
			sourceTree = "<group>";
		};
		39B905011DF13F2500542F09 /* learn-IOS */ = {
			isa = PBXGroup;
			children = (
				39B905051DF13F2500542F09 /* AppDelegate.h */,
				39B905061DF13F2500542F09 /* AppDelegate.m */,
				39B905081DF13F2500542F09 /* ViewController.h */,
				39B905091DF13F2500542F09 /* ViewController.m */,
				39B9050B1DF13F2500542F09 /* Main.storyboard */,
				39B905111DF13F2500542F09 /* Assets.xcassets */,
				39B905131DF13F2500542F09 /* LaunchScreen.storyboard */,
				39B905161DF13F2500542F09 /* Info.plist */,
				39B9050E1DF13F2500542F09 /* learn_IOS.xcdatamodeld */,
				39B905021DF13F2500542F09 /* Supporting Files */,
			);
			path = "learn-IOS";
			sourceTree = "<group>";
		};
		39B905021DF13F2500542F09 /* Supporting Files */ = {
			isa = PBXGroup;
			children = (
				39B905031DF13F2500542F09 /* main.m */,
			);
			name = "Supporting Files";
			sourceTree = "<group>";
		};
/* End PBXGroup section */

/* Begin PBXNativeTarget section */
		39B904FE1DF13F2500542F09 /* learn-IOS */ = {
			isa = PBXNativeTarget;
			buildConfigurationList = 39B905191DF13F2500542F09 /* Build configuration list for PBXNativeTarget "learn-IOS" */;
			buildPhases = (
				39B904FB1DF13F2500542F09 /* Sources */,
				39B904FC1DF13F2500542F09 /* Frameworks */,
				39B904FD1DF13F2500542F09 /* Resources */,
			);
			buildRules = (
			);
			dependencies = (
			);
			name = "learn-IOS";
			productName = "learn-IOS";
			productReference = 39B904FF1DF13F2500542F09 /* learn-IOS.app */;
			productType = "com.apple.product-type.application";
		};
/* End PBXNativeTarget section */

/* Begin PBXProject section */
		39B904F71DF13F2500542F09 /* Project object */ = {
			isa = PBXProject;
			attributes = {
				LastUpgradeCheck = 0810;
				ORGANIZATIONNAME = Sunning;
				TargetAttributes = {
					39B904FE1DF13F2500542F09 = {
						CreatedOnToolsVersion = 8.1;
						ProvisioningStyle = Automatic;
					};
				};
			};
			buildConfigurationList = 39B904FA1DF13F2500542F09 /* Build configuration list for PBXProject "learn-IOS" */;
			compatibilityVersion = "Xcode 3.2";
			developmentRegion = English;
			hasScannedForEncodings = 0;
			knownRegions = (
				en,
				Base,
			);
			mainGroup = 39B904F61DF13F2500542F09;
			productRefGroup = 39B905001DF13F2500542F09 /* Products */;
			projectDirPath = "";
			projectRoot = "";
			targets = (
				39B904FE1DF13F2500542F09 /* learn-IOS */,
			);
		};
/* End PBXProject section */

/* Begin PBXResourcesBuildPhase section */
		39B904FD1DF13F2500542F09 /* Resources */ = {
			isa = PBXResourcesBuildPhase;
			buildActionMask = 2147483647;
			files = (
				39B905151DF13F2500542F09 /* LaunchScreen.storyboard in Resources */,
				39B905121DF13F2500542F09 /* Assets.xcassets in Resources */,
				39B9050D1DF13F2500542F09 /* Main.storyboard in Resources */,
			);
			runOnlyForDeploymentPostprocessing = 0;
		};
/* End PBXResourcesBuildPhase section */

/* Begin PBXSourcesBuildPhase section */
		39B904FB1DF13F2500542F09 /* Sources */ = {
			isa = PBXSourcesBuildPhase;
			buildActionMask = 2147483647;
			files = (
				39B9050A1DF13F2500542F09 /* ViewController.m in Sources */,
				39B905071DF13F2500542F09 /* AppDelegate.m in Sources */,
				39B905101DF13F2500542F09 /* learn_IOS.xcdatamodeld in Sources */,
				39B905041DF13F2500542F09 /* main.m in Sources */,
			);
			runOnlyForDeploymentPostprocessing = 0;
		};
/* End PBXSourcesBuildPhase section */

/* Begin PBXVariantGroup section */
		39B9050B1DF13F2500542F09 /* Main.storyboard */ = {
			isa = PBXVariantGroup;
			children = (
				39B9050C1DF13F2500542F09 /* Base */,
			);
			name = Main.storyboard;
			sourceTree = "<group>";
		};
		39B905131DF13F2500542F09 /* LaunchScreen.storyboard */ = {
			isa = PBXVariantGroup;
			children = (
				39B905141DF13F2500542F09 /* Base */,
			);
			name = LaunchScreen.storyboard;
			sourceTree = "<group>";
		};
/* End PBXVariantGroup section */

/* Begin XCBuildConfiguration section */
		39B905171DF13F2500542F09 /* Debug */ = {
			isa = XCBuildConfiguration;
			buildSettings = {
				ALWAYS_SEARCH_USER_PATHS = NO;
				CLANG_ANALYZER_NONNULL = YES;
				CLANG_CXX_LANGUAGE_STANDARD = "gnu++0x";
				CLANG_CXX_LIBRARY = "libc++";
				CLANG_ENABLE_MODULES = YES;
				CLANG_ENABLE_OBJC_ARC = YES;
				CLANG_WARN_BOOL_CONVERSION = YES;
				CLANG_WARN_CONSTANT_CONVERSION = YES;
				CLANG_WARN_DIRECT_OBJC_ISA_USAGE = YES_ERROR;
				CLANG_WARN_DOCUMENTATION_COMMENTS = YES;
				CLANG_WARN_EMPTY_BODY = YES;
				CLANG_WARN_ENUM_CONVERSION = YES;
				CLANG_WARN_INFINITE_RECURSION = YES;
				CLANG_WARN_INT_CONVERSION = YES;
				CLANG_WARN_OBJC_ROOT_CLASS = YES_ERROR;
				CLANG_WARN_SUSPICIOUS_MOVES = YES;
				CLANG_WARN_UNREACHABLE_CODE = YES;
				CLANG_WARN__DUPLICATE_METHOD_MATCH = YES;
				"CODE_SIGN_IDENTITY[sdk=iphoneos*]" = "iPhone Developer";
				COPY_PHASE_STRIP = NO;
				DEBUG_INFORMATION_FORMAT = dwarf;
				ENABLE_STRICT_OBJC_MSGSEND = YES;
				ENABLE_TESTABILITY = YES;
				GCC_C_LANGUAGE_STANDARD = gnu99;
				GCC_DYNAMIC_NO_PIC = NO;
				GCC_NO_COMMON_BLOCKS = YES;
				GCC_OPTIMIZATION_LEVEL = 0;
				GCC_PREPROCESSOR_DEFINITIONS = (
					"DEBUG=1",
					"$(inherited)",
				);
				GCC_WARN_64_TO_32_BIT_CONVERSION = YES;
				GCC_WARN_ABOUT_RETURN_TYPE = YES_ERROR;
				GCC_WARN_UNDECLARED_SELECTOR = YES;
				GCC_WARN_UNINITIALIZED_AUTOS = YES_AGGRESSIVE;
				GCC_WARN_UNUSED_FUNCTION = YES;
				GCC_WARN_UNUSED_VARIABLE = YES;
				IPHONEOS_DEPLOYMENT_TARGET = 10.1;
				MTL_ENABLE_DEBUG_INFO = YES;
				ONLY_ACTIVE_ARCH = YES;
				SDKROOT = iphoneos;
			};
			name = Debug;
		};
		39B905181DF13F2500542F09 /* Release */ = {
			isa = XCBuildConfiguration;
			buildSettings = {
				ALWAYS_SEARCH_USER_PATHS = NO;
				CLANG_ANALYZER_NONNULL = YES;
				CLANG_CXX_LANGUAGE_STANDARD = "gnu++0x";
				CLANG_CXX_LIBRARY = "libc++";
				CLANG_ENABLE_MODULES = YES;
				CLANG_ENABLE_OBJC_ARC = YES;
				CLANG_WARN_BOOL_CONVERSION = YES;
				CLANG_WARN_CONSTANT_CONVERSION = YES;
				CLANG_WARN_DIRECT_OBJC_ISA_USAGE = YES_ERROR;
				CLANG_WARN_DOCUMENTATION_COMMENTS = YES;
				CLANG_WARN_EMPTY_BODY = YES;
				CLANG_WARN_ENUM_CONVERSION = YES;
				CLANG_WARN_INFINITE_RECURSION = YES;
				CLANG_WARN_INT_CONVERSION = YES;
				CLANG_WARN_OBJC_ROOT_CLASS = YES_ERROR;
				CLANG_WARN_SUSPICIOUS_MOVES = YES;
				CLANG_WARN_UNREACHABLE_CODE = YES;
				CLANG_WARN__DUPLICATE_METHOD_MATCH = YES;
				"CODE_SIGN_IDENTITY[sdk=iphoneos*]" = "iPhone Developer";
				COPY_PHASE_STRIP = NO;
				DEBUG_INFORMATION_FORMAT = "dwarf-with-dsym";
				ENABLE_NS_ASSERTIONS = NO;
				ENABLE_STRICT_OBJC_MSGSEND = YES;
				GCC_C_LANGUAGE_STANDARD = gnu99;
				GCC_NO_COMMON_BLOCKS = YES;
				GCC_WARN_64_TO_32_BIT_CONVERSION = YES;
				GCC_WARN_ABOUT_RETURN_TYPE = YES_ERROR;
				GCC_WARN_UNDECLARED_SELECTOR = YES;
				GCC_WARN_UNINITIALIZED_AUTOS = YES_AGGRESSIVE;
				GCC_WARN_UNUSED_FUNCTION = YES;
				GCC_WARN_UNUSED_VARIABLE = YES;
				IPHONEOS_DEPLOYMENT_TARGET = 10.1;
				MTL_ENABLE_DEBUG_INFO = NO;
				SDKROOT = iphoneos;
				VALIDATE_PRODUCT = YES;
			};
			name = Release;
		};
		39B9051A1DF13F2500542F09 /* Debug */ = {
			isa = XCBuildConfiguration;
			buildSettings = {
				ASSETCATALOG_COMPILER_APPICON_NAME = AppIcon;
				INFOPLIST_FILE = "learn-IOS/Info.plist";
				LD_RUNPATH_SEARCH_PATHS = "$(inherited) @executable_path/Frameworks";
				PRODUCT_BUNDLE_IDENTIFIER = "sunning.learn-IOS";
				PRODUCT_NAME = "$(TARGET_NAME)";
			};
			name = Debug;
		};
		39B9051B1DF13F2500542F09 /* Release */ = {
			isa = XCBuildConfiguration;
			buildSettings = {
				ASSETCATALOG_COMPILER_APPICON_NAME = AppIcon;
				INFOPLIST_FILE = "learn-IOS/Info.plist";
				LD_RUNPATH_SEARCH_PATHS = "$(inherited) @executable_path/Frameworks";
				PRODUCT_BUNDLE_IDENTIFIER = "sunning.learn-IOS";
				PRODUCT_NAME = "$(TARGET_NAME)";
			};
			name = Release;
		};
/* End XCBuildConfiguration section */

/* Begin XCConfigurationList section */
		39B904FA1DF13F2500542F09 /* Build configuration list for PBXProject "learn-IOS" */ = {
			isa = XCConfigurationList;
			buildConfigurations = (
				39B905171DF13F2500542F09 /* Debug */,
				39B905181DF13F2500542F09 /* Release */,
			);
			defaultConfigurationIsVisible = 0;
			defaultConfigurationName = Release;
		};
		39B905191DF13F2500542F09 /* Build configuration list for PBXNativeTarget "learn-IOS" */ = {
			isa = XCConfigurationList;
			buildConfigurations = (
				39B9051A1DF13F2500542F09 /* Debug */,
				39B9051B1DF13F2500542F09 /* Release */,
			);
			defaultConfigurationIsVisible = 0;
		};
/* End XCConfigurationList section */

/* Begin XCVersionGroup section */
		39B9050E1DF13F2500542F09 /* learn_IOS.xcdatamodeld */ = {
			isa = XCVersionGroup;
			children = (
				39B9050F1DF13F2500542F09 /* learn_IOS.xcdatamodel */,
			);
			currentVersion = 39B9050F1DF13F2500542F09 /* learn_IOS.xcdatamodel */;
			path = learn_IOS.xcdatamodeld;
			sourceTree = "<group>";
			versionGroupType = wrapper.xcdatamodel;
		};
/* End XCVersionGroup section */
	};
	rootObject = 39B904F71DF13F2500542F09 /* Project object */;
}
